// !$*UTF8*$!
{
	archiveVersion = 1;
	classes = {
	};
	objectVersion = 77;
	objects = {

/* Begin PBXBuildFile section */
		06D6C4CB2ED8ADF500311337 /* Madrid Extension.appex in Embed Foundation Extensions */ = {isa = PBXBuildFile; fileRef = 06D6C4CA2ED8ADF500311337 /* Madrid Extension.appex */; settings = {ATTRIBUTES = (RemoveHeadersOnCopy, ); }; };
/* End PBXBuildFile section */

/* Begin PBXContainerItemProxy section */
		06D6C4B52ED8ADF400311337 /* PBXContainerItemProxy */ = {
			isa = PBXContainerItemProxy;
			containerPortal = 06D6C4922ED8ADF400311337 /* Project object */;
			proxyType = 1;
			remoteGlobalIDString = 06D6C4992ED8ADF400311337;
			remoteInfo = Madrid;
		};
		06D6C4BF2ED8ADF500311337 /* PBXContainerItemProxy */ = {
			isa = PBXContainerItemProxy;
			containerPortal = 06D6C4922ED8ADF400311337 /* Project object */;
			proxyType = 1;
			remoteGlobalIDString = 06D6C4992ED8ADF400311337;
			remoteInfo = Madrid;
		};
		06D6C4CC2ED8ADF500311337 /* PBXContainerItemProxy */ = {
			isa = PBXContainerItemProxy;
			containerPortal = 06D6C4922ED8ADF400311337 /* Project object */;
			proxyType = 1;
			remoteGlobalIDString = 06D6C4C92ED8ADF500311337;
			remoteInfo = "Madrid Extension";
		};
/* End PBXContainerItemProxy section */

/* Begin PBXCopyFilesBuildPhase section */
		06D6C4E92ED8ADF500311337 /* Embed Foundation Extensions */ = {
			isa = PBXCopyFilesBuildPhase;
			buildActionMask = 2147483647;
			dstPath = "";
			dstSubfolderSpec = 13;
			files = (
				06D6C4CB2ED8ADF500311337 /* Madrid Extension.appex in Embed Foundation Extensions */,
			);
			name = "Embed Foundation Extensions";
			runOnlyForDeploymentPostprocessing = 0;
		};
/* End PBXCopyFilesBuildPhase section */

/* Begin PBXFileReference section */
		06D6C49A2ED8ADF400311337 /* Madrid.app */ = {isa = PBXFileReference; explicitFileType = wrapper.application; includeInIndex = 0; path = Madrid.app; sourceTree = BUILT_PRODUCTS_DIR; };
		06D6C4B42ED8ADF400311337 /* MadridTests.xctest */ = {isa = PBXFileReference; explicitFileType = wrapper.cfbundle; includeInIndex = 0; path = MadridTests.xctest; sourceTree = BUILT_PRODUCTS_DIR; };
		06D6C4BE2ED8ADF500311337 /* MadridUITests.xctest */ = {isa = PBXFileReference; explicitFileType = wrapper.cfbundle; includeInIndex = 0; path = MadridUITests.xctest; sourceTree = BUILT_PRODUCTS_DIR; };
		06D6C4CA2ED8ADF500311337 /* Madrid Extension.appex */ = {isa = PBXFileReference; explicitFileType = "wrapper.app-extension"; includeInIndex = 0; path = "Madrid Extension.appex"; sourceTree = BUILT_PRODUCTS_DIR; };
/* End PBXFileReference section */

/* Begin PBXFileSystemSynchronizedBuildFileExceptionSet section */
		06D6C4E32ED8ADF500311337 /* Exceptions for "Madrid Extension" folder in "Madrid Extension" target */ = {
			isa = PBXFileSystemSynchronizedBuildFileExceptionSet;
			membershipExceptions = (
				Info.plist,
			);
			target = 06D6C4C92ED8ADF500311337 /* Madrid Extension */;
		};
/* End PBXFileSystemSynchronizedBuildFileExceptionSet section */

/* Begin PBXFileSystemSynchronizedRootGroup section */
		06D6C49C2ED8ADF400311337 /* Madrid */ = {
			isa = PBXFileSystemSynchronizedRootGroup;
			path = Madrid;
			sourceTree = "<group>";
		};
		06D6C4B72ED8ADF400311337 /* MadridTests */ = {
			isa = PBXFileSystemSynchronizedRootGroup;
			path = MadridTests;
			sourceTree = "<group>";
		};
		06D6C4C12ED8ADF500311337 /* MadridUITests */ = {
			isa = PBXFileSystemSynchronizedRootGroup;
			path = MadridUITests;
			sourceTree = "<group>";
		};
		06D6C4CE2ED8ADF500311337 /* Madrid Extension */ = {
			isa = PBXFileSystemSynchronizedRootGroup;
			exceptions = (
				06D6C4E32ED8ADF500311337 /* Exceptions for "Madrid Extension" folder in "Madrid Extension" target */,
			);
			explicitFolders = (
				Resources/_locales,
				Resources/images,
			);
			path = "Madrid Extension";
			sourceTree = "<group>";
		};
/* End PBXFileSystemSynchronizedRootGroup section */

/* Begin PBXFrameworksBuildPhase section */
		06D6C4972ED8ADF400311337 /* Frameworks */ = {
			isa = PBXFrameworksBuildPhase;
			buildActionMask = 2147483647;
			files = (
			);
			runOnlyForDeploymentPostprocessing = 0;
		};
		06D6C4B12ED8ADF400311337 /* Frameworks */ = {
			isa = PBXFrameworksBuildPhase;
			buildActionMask = 2147483647;
			files = (
			);
			runOnlyForDeploymentPostprocessing = 0;
		};
		06D6C4BB2ED8ADF500311337 /* Frameworks */ = {
			isa = PBXFrameworksBuildPhase;
			buildActionMask = 2147483647;
			files = (
			);
			runOnlyForDeploymentPostprocessing = 0;
		};
		06D6C4C72ED8ADF500311337 /* Frameworks */ = {
			isa = PBXFrameworksBuildPhase;
			buildActionMask = 2147483647;
			files = (
			);
			runOnlyForDeploymentPostprocessing = 0;
		};
/* End PBXFrameworksBuildPhase section */

/* Begin PBXGroup section */
		06D6C4912ED8ADF400311337 = {
			isa = PBXGroup;
			children = (
				06D6C49C2ED8ADF400311337 /* Madrid */,
				06D6C4B72ED8ADF400311337 /* MadridTests */,
				06D6C4C12ED8ADF500311337 /* MadridUITests */,
				06D6C4CE2ED8ADF500311337 /* Madrid Extension */,
				06D6C49B2ED8ADF400311337 /* Products */,
			);
			sourceTree = "<group>";
		};
		06D6C49B2ED8ADF400311337 /* Products */ = {
			isa = PBXGroup;
			children = (
				06D6C49A2ED8ADF400311337 /* Madrid.app */,
				06D6C4B42ED8ADF400311337 /* MadridTests.xctest */,
				06D6C4BE2ED8ADF500311337 /* MadridUITests.xctest */,
				06D6C4CA2ED8ADF500311337 /* Madrid Extension.appex */,
			);
			name = Products;
			sourceTree = "<group>";
		};
/* End PBXGroup section */

/* Begin PBXNativeTarget section */
		06D6C4992ED8ADF400311337 /* Madrid */ = {
			isa = PBXNativeTarget;
			buildConfigurationList = 06D6C4EA2ED8ADF500311337 /* Build configuration list for PBXNativeTarget "Madrid" */;
			buildPhases = (
				06D6C4962ED8ADF400311337 /* Sources */,
				06D6C4972ED8ADF400311337 /* Frameworks */,
				06D6C4982ED8ADF400311337 /* Resources */,
				06D6C4E92ED8ADF500311337 /* Embed Foundation Extensions */,
			);
			buildRules = (
			);
			dependencies = (
				06D6C4CD2ED8ADF500311337 /* PBXTargetDependency */,
			);
			fileSystemSynchronizedGroups = (
				06D6C49C2ED8ADF400311337 /* Madrid */,
			);
			name = Madrid;
			packageProductDependencies = (
			);
			productName = Madrid;
			productReference = 06D6C49A2ED8ADF400311337 /* Madrid.app */;
			productType = "com.apple.product-type.application";
		};
		06D6C4B32ED8ADF400311337 /* MadridTests */ = {
			isa = PBXNativeTarget;
			buildConfigurationList = 06D6C4ED2ED8ADF500311337 /* Build configuration list for PBXNativeTarget "MadridTests" */;
			buildPhases = (
				06D6C4B02ED8ADF400311337 /* Sources */,
				06D6C4B12ED8ADF400311337 /* Frameworks */,
				06D6C4B22ED8ADF400311337 /* Resources */,
			);
			buildRules = (
			);
			dependencies = (
				06D6C4B62ED8ADF400311337 /* PBXTargetDependency */,
			);
			fileSystemSynchronizedGroups = (
				06D6C4B72ED8ADF400311337 /* MadridTests */,
			);
			name = MadridTests;
			packageProductDependencies = (
			);
			productName = MadridTests;
			productReference = 06D6C4B42ED8ADF400311337 /* MadridTests.xctest */;
			productType = "com.apple.product-type.bundle.unit-test";
		};
		06D6C4BD2ED8ADF500311337 /* MadridUITests */ = {
			isa = PBXNativeTarget;
			buildConfigurationList = 06D6C4F02ED8ADF500311337 /* Build configuration list for PBXNativeTarget "MadridUITests" */;
			buildPhases = (
				06D6C4BA2ED8ADF500311337 /* Sources */,
				06D6C4BB2ED8ADF500311337 /* Frameworks */,
				06D6C4BC2ED8ADF500311337 /* Resources */,
			);
			buildRules = (
			);
			dependencies = (
				06D6C4C02ED8ADF500311337 /* PBXTargetDependency */,
			);
			fileSystemSynchronizedGroups = (
				06D6C4C12ED8ADF500311337 /* MadridUITests */,
			);
			name = MadridUITests;
			packageProductDependencies = (
			);
			productName = MadridUITests;
			productReference = 06D6C4BE2ED8ADF500311337 /* MadridUITests.xctest */;
			productType = "com.apple.product-type.bundle.ui-testing";
		};
		06D6C4C92ED8ADF500311337 /* Madrid Extension */ = {
			isa = PBXNativeTarget;
			buildConfigurationList = 06D6C4E42ED8ADF500311337 /* Build configuration list for PBXNativeTarget "Madrid Extension" */;
			buildPhases = (
				06D6C4C62ED8ADF500311337 /* Sources */,
				06D6C4C72ED8ADF500311337 /* Frameworks */,
				06D6C4C82ED8ADF500311337 /* Resources */,
			);
			buildRules = (
			);
			dependencies = (
			);
			fileSystemSynchronizedGroups = (
				06D6C4CE2ED8ADF500311337 /* Madrid Extension */,
			);
			name = "Madrid Extension";
			packageProductDependencies = (
			);
			productName = "Madrid Extension";
			productReference = 06D6C4CA2ED8ADF500311337 /* Madrid Extension.appex */;
			productType = "com.apple.product-type.app-extension";
		};
/* End PBXNativeTarget section */

/* Begin PBXProject section */
		06D6C4922ED8ADF400311337 /* Project object */ = {
			isa = PBXProject;
			attributes = {
				BuildIndependentTargetsInParallel = 1;
				LastSwiftUpdateCheck = 2610;
				LastUpgradeCheck = 2610;
				TargetAttributes = {
					06D6C4992ED8ADF400311337 = {
						CreatedOnToolsVersion = 26.1.1;
					};
					06D6C4B32ED8ADF400311337 = {
						CreatedOnToolsVersion = 26.1.1;
						TestTargetID = 06D6C4992ED8ADF400311337;
					};
					06D6C4BD2ED8ADF500311337 = {
						CreatedOnToolsVersion = 26.1.1;
						TestTargetID = 06D6C4992ED8ADF400311337;
					};
					06D6C4C92ED8ADF500311337 = {
						CreatedOnToolsVersion = 26.1.1;
					};
				};
			};
			buildConfigurationList = 06D6C4952ED8ADF400311337 /* Build configuration list for PBXProject "Madrid" */;
			developmentRegion = en;
			hasScannedForEncodings = 0;
			knownRegions = (
				en,
				Base,
			);
			mainGroup = 06D6C4912ED8ADF400311337;
			minimizedProjectReferenceProxies = 1;
			preferredProjectObjectVersion = 77;
			productRefGroup = 06D6C49B2ED8ADF400311337 /* Products */;
			projectDirPath = "";
			projectRoot = "";
			targets = (
				06D6C4992ED8ADF400311337 /* Madrid */,
				06D6C4B32ED8ADF400311337 /* MadridTests */,
				06D6C4BD2ED8ADF500311337 /* MadridUITests */,
				06D6C4C92ED8ADF500311337 /* Madrid Extension */,
			);
		};
/* End PBXProject section */

/* Begin PBXResourcesBuildPhase section */
		06D6C4982ED8ADF400311337 /* Resources */ = {
			isa = PBXResourcesBuildPhase;
			buildActionMask = 2147483647;
			files = (
			);
			runOnlyForDeploymentPostprocessing = 0;
		};
		06D6C4B22ED8ADF400311337 /* Resources */ = {
			isa = PBXResourcesBuildPhase;
			buildActionMask = 2147483647;
			files = (
			);
			runOnlyForDeploymentPostprocessing = 0;
		};
		06D6C4BC2ED8ADF500311337 /* Resources */ = {
			isa = PBXResourcesBuildPhase;
			buildActionMask = 2147483647;
			files = (
			);
			runOnlyForDeploymentPostprocessing = 0;
		};
		06D6C4C82ED8ADF500311337 /* Resources */ = {
			isa = PBXResourcesBuildPhase;
			buildActionMask = 2147483647;
			files = (
			);
			runOnlyForDeploymentPostprocessing = 0;
		};
/* End PBXResourcesBuildPhase section */

/* Begin PBXSourcesBuildPhase section */
		06D6C4962ED8ADF400311337 /* Sources */ = {
			isa = PBXSourcesBuildPhase;
			buildActionMask = 2147483647;
			files = (
			);
			runOnlyForDeploymentPostprocessing = 0;
		};
		06D6C4B02ED8ADF400311337 /* Sources */ = {
			isa = PBXSourcesBuildPhase;
			buildActionMask = 2147483647;
			files = (
			);
			runOnlyForDeploymentPostprocessing = 0;
		};
		06D6C4BA2ED8ADF500311337 /* Sources */ = {
			isa = PBXSourcesBuildPhase;
			buildActionMask = 2147483647;
			files = (
			);
			runOnlyForDeploymentPostprocessing = 0;
		};
		06D6C4C62ED8ADF500311337 /* Sources */ = {
			isa = PBXSourcesBuildPhase;
			buildActionMask = 2147483647;
			files = (
			);
			runOnlyForDeploymentPostprocessing = 0;
		};
/* End PBXSourcesBuildPhase section */

/* Begin PBXTargetDependency section */
		06D6C4B62ED8ADF400311337 /* PBXTargetDependency */ = {
			isa = PBXTargetDependency;
			target = 06D6C4992ED8ADF400311337 /* Madrid */;
			targetProxy = 06D6C4B52ED8ADF400311337 /* PBXContainerItemProxy */;
		};
		06D6C4C02ED8ADF500311337 /* PBXTargetDependency */ = {
			isa = PBXTargetDependency;
			target = 06D6C4992ED8ADF400311337 /* Madrid */;
			targetProxy = 06D6C4BF2ED8ADF500311337 /* PBXContainerItemProxy */;
		};
		06D6C4CD2ED8ADF500311337 /* PBXTargetDependency */ = {
			isa = PBXTargetDependency;
			target = 06D6C4C92ED8ADF500311337 /* Madrid Extension */;
			targetProxy = 06D6C4CC2ED8ADF500311337 /* PBXContainerItemProxy */;
		};
/* End PBXTargetDependency section */

/* Begin XCBuildConfiguration section */
		06D6C4E52ED8ADF500311337 /* Debug */ = {
			isa = XCBuildConfiguration;
			buildSettings = {
				CODE_SIGN_STYLE = Automatic;
				CURRENT_PROJECT_VERSION = 1;
				DEVELOPMENT_TEAM = Z2RTAGA7V9;
				ENABLE_APP_SANDBOX = YES;
				ENABLE_HARDENED_RUNTIME = YES;
				ENABLE_USER_SELECTED_FILES = readonly;
				GENERATE_INFOPLIST_FILE = YES;
				INFOPLIST_FILE = "Madrid Extension/Info.plist";
				INFOPLIST_KEY_CFBundleDisplayName = "Madrid Extension";
				INFOPLIST_KEY_NSHumanReadableCopyright = "";
				LD_RUNPATH_SEARCH_PATHS = (
					"$(inherited)",
					"@executable_path/../Frameworks",
					"@executable_path/../../../../Frameworks",
				);
				MACOSX_DEPLOYMENT_TARGET = 10.14;
				MARKETING_VERSION = 1.0;
				OTHER_LDFLAGS = (
					"-framework",
					SafariServices,
				);
				PRODUCT_BUNDLE_IDENTIFIER = es.amodrono.Madrid.Extension;
				PRODUCT_NAME = "$(TARGET_NAME)";
				SKIP_INSTALL = YES;
				STRING_CATALOG_GENERATE_SYMBOLS = YES;
				SWIFT_APPROACHABLE_CONCURRENCY = YES;
				SWIFT_EMIT_LOC_STRINGS = YES;
				SWIFT_UPCOMING_FEATURE_MEMBER_IMPORT_VISIBILITY = YES;
				SWIFT_VERSION = 5.0;
			};
			name = Debug;
		};
		06D6C4E62ED8ADF500311337 /* Release */ = {
			isa = XCBuildConfiguration;
			buildSettings = {
				CODE_SIGN_STYLE = Automatic;
				CURRENT_PROJECT_VERSION = 1;
				DEVELOPMENT_TEAM = Z2RTAGA7V9;
				ENABLE_APP_SANDBOX = YES;
				ENABLE_HARDENED_RUNTIME = YES;
				ENABLE_USER_SELECTED_FILES = readonly;
				GENERATE_INFOPLIST_FILE = YES;
				INFOPLIST_FILE = "Madrid Extension/Info.plist";
				INFOPLIST_KEY_CFBundleDisplayName = "Madrid Extension";
				INFOPLIST_KEY_NSHumanReadableCopyright = "";
				LD_RUNPATH_SEARCH_PATHS = (
					"$(inherited)",
					"@executable_path/../Frameworks",
					"@executable_path/../../../../Frameworks",
				);
				MACOSX_DEPLOYMENT_TARGET = 10.14;
				MARKETING_VERSION = 1.0;
				OTHER_LDFLAGS = (
					"-framework",
					SafariServices,
				);
				PRODUCT_BUNDLE_IDENTIFIER = es.amodrono.Madrid.Extension;
				PRODUCT_NAME = "$(TARGET_NAME)";
				SKIP_INSTALL = YES;
				STRING_CATALOG_GENERATE_SYMBOLS = YES;
				SWIFT_APPROACHABLE_CONCURRENCY = YES;
				SWIFT_EMIT_LOC_STRINGS = YES;
				SWIFT_UPCOMING_FEATURE_MEMBER_IMPORT_VISIBILITY = YES;
				SWIFT_VERSION = 5.0;
			};
			name = Release;
		};
		06D6C4E72ED8ADF500311337 /* Debug */ = {
			isa = XCBuildConfiguration;
			buildSettings = {
				ALWAYS_SEARCH_USER_PATHS = NO;
				ASSETCATALOG_COMPILER_GENERATE_SWIFT_ASSET_SYMBOL_EXTENSIONS = YES;
				CLANG_ANALYZER_NONNULL = YES;
				CLANG_ANALYZER_NUMBER_OBJECT_CONVERSION = YES_AGGRESSIVE;
				CLANG_CXX_LANGUAGE_STANDARD = "gnu++20";
				CLANG_ENABLE_MODULES = YES;
				CLANG_ENABLE_OBJC_ARC = YES;
				CLANG_ENABLE_OBJC_WEAK = YES;
				CLANG_WARN_BLOCK_CAPTURE_AUTORELEASING = YES;
				CLANG_WARN_BOOL_CONVERSION = YES;
				CLANG_WARN_COMMA = YES;
				CLANG_WARN_CONSTANT_CONVERSION = YES;
				CLANG_WARN_DEPRECATED_OBJC_IMPLEMENTATIONS = YES;
				CLANG_WARN_DIRECT_OBJC_ISA_USAGE = YES_ERROR;
				CLANG_WARN_DOCUMENTATION_COMMENTS = YES;
				CLANG_WARN_EMPTY_BODY = YES;
				CLANG_WARN_ENUM_CONVERSION = YES;
				CLANG_WARN_INFINITE_RECURSION = YES;
				CLANG_WARN_INT_CONVERSION = YES;
				CLANG_WARN_NON_LITERAL_NULL_CONVERSION = YES;
				CLANG_WARN_OBJC_IMPLICIT_RETAIN_SELF = YES;
				CLANG_WARN_OBJC_LITERAL_CONVERSION = YES;
				CLANG_WARN_OBJC_ROOT_CLASS = YES_ERROR;
				CLANG_WARN_QUOTED_INCLUDE_IN_FRAMEWORK_HEADER = YES;
				CLANG_WARN_RANGE_LOOP_ANALYSIS = YES;
				CLANG_WARN_STRICT_PROTOTYPES = YES;
				CLANG_WARN_SUSPICIOUS_MOVE = YES;
				CLANG_WARN_UNGUARDED_AVAILABILITY = YES_AGGRESSIVE;
				CLANG_WARN_UNREACHABLE_CODE = YES;
				CLANG_WARN__DUPLICATE_METHOD_MATCH = YES;
				COPY_PHASE_STRIP = NO;
				DEBUG_INFORMATION_FORMAT = dwarf;
				DEVELOPMENT_TEAM = Z2RTAGA7V9;
				ENABLE_STRICT_OBJC_MSGSEND = YES;
				ENABLE_TESTABILITY = YES;
				ENABLE_USER_SCRIPT_SANDBOXING = YES;
				GCC_C_LANGUAGE_STANDARD = gnu17;
				GCC_DYNAMIC_NO_PIC = NO;
				GCC_NO_COMMON_BLOCKS = YES;
				GCC_OPTIMIZATION_LEVEL = 0;
				GCC_PREPROCESSOR_DEFINITIONS = (
					"DEBUG=1",
					"$(inherited)",
				);
				GCC_WARN_64_TO_32_BIT_CONVERSION = YES;
				GCC_WARN_ABOUT_RETURN_TYPE = YES_ERROR;
				GCC_WARN_UNDECLARED_SELECTOR = YES;
				GCC_WARN_UNINITIALIZED_AUTOS = YES_AGGRESSIVE;
				GCC_WARN_UNUSED_FUNCTION = YES;
				GCC_WARN_UNUSED_VARIABLE = YES;
				LOCALIZATION_PREFERS_STRING_CATALOGS = YES;
				MACOSX_DEPLOYMENT_TARGET = 26.1;
				MTL_ENABLE_DEBUG_INFO = INCLUDE_SOURCE;
				MTL_FAST_MATH = YES;
				ONLY_ACTIVE_ARCH = YES;
				SDKROOT = macosx;
				SWIFT_ACTIVE_COMPILATION_CONDITIONS = "DEBUG $(inherited)";
				SWIFT_OPTIMIZATION_LEVEL = "-Onone";
			};
			name = Debug;
		};
		06D6C4E82ED8ADF500311337 /* Release */ = {
			isa = XCBuildConfiguration;
			buildSettings = {
				ALWAYS_SEARCH_USER_PATHS = NO;
				ASSETCATALOG_COMPILER_GENERATE_SWIFT_ASSET_SYMBOL_EXTENSIONS = YES;
				CLANG_ANALYZER_NONNULL = YES;
				CLANG_ANALYZER_NUMBER_OBJECT_CONVERSION = YES_AGGRESSIVE;
				CLANG_CXX_LANGUAGE_STANDARD = "gnu++20";
				CLANG_ENABLE_MODULES = YES;
				CLANG_ENABLE_OBJC_ARC = YES;
				CLANG_ENABLE_OBJC_WEAK = YES;
				CLANG_WARN_BLOCK_CAPTURE_AUTORELEASING = YES;
				CLANG_WARN_BOOL_CONVERSION = YES;
				CLANG_WARN_COMMA = YES;
				CLANG_WARN_CONSTANT_CONVERSION = YES;
				CLANG_WARN_DEPRECATED_OBJC_IMPLEMENTATIONS = YES;
				CLANG_WARN_DIRECT_OBJC_ISA_USAGE = YES_ERROR;
				CLANG_WARN_DOCUMENTATION_COMMENTS = YES;
				CLANG_WARN_EMPTY_BODY = YES;
				CLANG_WARN_ENUM_CONVERSION = YES;
				CLANG_WARN_INFINITE_RECURSION = YES;
				CLANG_WARN_INT_CONVERSION = YES;
				CLANG_WARN_NON_LITERAL_NULL_CONVERSION = YES;
				CLANG_WARN_OBJC_IMPLICIT_RETAIN_SELF = YES;
				CLANG_WARN_OBJC_LITERAL_CONVERSION = YES;
				CLANG_WARN_OBJC_ROOT_CLASS = YES_ERROR;
				CLANG_WARN_QUOTED_INCLUDE_IN_FRAMEWORK_HEADER = YES;
				CLANG_WARN_RANGE_LOOP_ANALYSIS = YES;
				CLANG_WARN_STRICT_PROTOTYPES = YES;
				CLANG_WARN_SUSPICIOUS_MOVE = YES;
				CLANG_WARN_UNGUARDED_AVAILABILITY = YES_AGGRESSIVE;
				CLANG_WARN_UNREACHABLE_CODE = YES;
				CLANG_WARN__DUPLICATE_METHOD_MATCH = YES;
				COPY_PHASE_STRIP = NO;
				DEBUG_INFORMATION_FORMAT = "dwarf-with-dsym";
				DEVELOPMENT_TEAM = Z2RTAGA7V9;
				ENABLE_NS_ASSERTIONS = NO;
				ENABLE_STRICT_OBJC_MSGSEND = YES;
				ENABLE_USER_SCRIPT_SANDBOXING = YES;
				GCC_C_LANGUAGE_STANDARD = gnu17;
				GCC_NO_COMMON_BLOCKS = YES;
				GCC_WARN_64_TO_32_BIT_CONVERSION = YES;
				GCC_WARN_ABOUT_RETURN_TYPE = YES_ERROR;
				GCC_WARN_UNDECLARED_SELECTOR = YES;
				GCC_WARN_UNINITIALIZED_AUTOS = YES_AGGRESSIVE;
				GCC_WARN_UNUSED_FUNCTION = YES;
				GCC_WARN_UNUSED_VARIABLE = YES;
				LOCALIZATION_PREFERS_STRING_CATALOGS = YES;
				MACOSX_DEPLOYMENT_TARGET = 26.1;
				MTL_ENABLE_DEBUG_INFO = NO;
				MTL_FAST_MATH = YES;
				SDKROOT = macosx;
				SWIFT_COMPILATION_MODE = wholemodule;
			};
			name = Release;
		};
		06D6C4EB2ED8ADF500311337 /* Debug */ = {
			isa = XCBuildConfiguration;
			buildSettings = {
				ASSETCATALOG_COMPILER_APPICON_NAME = AppIcon;
				ASSETCATALOG_COMPILER_GLOBAL_ACCENT_COLOR_NAME = AccentColor;
				CODE_SIGN_STYLE = Automatic;
				COMBINE_HIDPI_IMAGES = YES;
				CURRENT_PROJECT_VERSION = 1;
				DEVELOPMENT_TEAM = Z2RTAGA7V9;
				ENABLE_APP_SANDBOX = YES;
				ENABLE_HARDENED_RUNTIME = YES;
				ENABLE_OUTGOING_NETWORK_CONNECTIONS = YES;
				ENABLE_USER_SELECTED_FILES = readonly;
				GENERATE_INFOPLIST_FILE = YES;
				INFOPLIST_KEY_CFBundleDisplayName = Madrid;
				INFOPLIST_KEY_NSHumanReadableCopyright = "";
				INFOPLIST_KEY_NSMainStoryboardFile = Main;
				INFOPLIST_KEY_NSPrincipalClass = NSApplication;
				LD_RUNPATH_SEARCH_PATHS = (
					"$(inherited)",
					"@executable_path/../Frameworks",
				);
				MARKETING_VERSION = 1.0;
				OTHER_LDFLAGS = (
					"-framework",
					SafariServices,
					"-framework",
					WebKit,
				);
				PRODUCT_BUNDLE_IDENTIFIER = es.amodrono.Madrid;
				PRODUCT_NAME = "$(TARGET_NAME)";
				REGISTER_APP_GROUPS = YES;
				STRING_CATALOG_GENERATE_SYMBOLS = YES;
				SWIFT_APPROACHABLE_CONCURRENCY = YES;
				SWIFT_DEFAULT_ACTOR_ISOLATION = MainActor;
				SWIFT_EMIT_LOC_STRINGS = YES;
				SWIFT_UPCOMING_FEATURE_MEMBER_IMPORT_VISIBILITY = YES;
				SWIFT_VERSION = 5.0;
			};
			name = Debug;
		};
		06D6C4EC2ED8ADF500311337 /* Release */ = {
			isa = XCBuildConfiguration;
			buildSettings = {
				ASSETCATALOG_COMPILER_APPICON_NAME = AppIcon;
				ASSETCATALOG_COMPILER_GLOBAL_ACCENT_COLOR_NAME = AccentColor;
				CODE_SIGN_STYLE = Automatic;
				COMBINE_HIDPI_IMAGES = YES;
				CURRENT_PROJECT_VERSION = 1;
				DEVELOPMENT_TEAM = Z2RTAGA7V9;
				ENABLE_APP_SANDBOX = YES;
				ENABLE_HARDENED_RUNTIME = YES;
				ENABLE_OUTGOING_NETWORK_CONNECTIONS = YES;
				ENABLE_USER_SELECTED_FILES = readonly;
				GENERATE_INFOPLIST_FILE = YES;
				INFOPLIST_KEY_CFBundleDisplayName = Madrid;
				INFOPLIST_KEY_NSHumanReadableCopyright = "";
				INFOPLIST_KEY_NSMainStoryboardFile = Main;
				INFOPLIST_KEY_NSPrincipalClass = NSApplication;
				LD_RUNPATH_SEARCH_PATHS = (
					"$(inherited)",
					"@executable_path/../Frameworks",
				);
				MARKETING_VERSION = 1.0;
				OTHER_LDFLAGS = (
					"-framework",
					SafariServices,
					"-framework",
					WebKit,
				);
				PRODUCT_BUNDLE_IDENTIFIER = es.amodrono.Madrid;
				PRODUCT_NAME = "$(TARGET_NAME)";
				REGISTER_APP_GROUPS = YES;
				STRING_CATALOG_GENERATE_SYMBOLS = YES;
				SWIFT_APPROACHABLE_CONCURRENCY = YES;
				SWIFT_DEFAULT_ACTOR_ISOLATION = MainActor;
				SWIFT_EMIT_LOC_STRINGS = YES;
				SWIFT_UPCOMING_FEATURE_MEMBER_IMPORT_VISIBILITY = YES;
				SWIFT_VERSION = 5.0;
			};
			name = Release;
		};
		06D6C4EE2ED8ADF500311337 /* Debug */ = {
			isa = XCBuildConfiguration;
			buildSettings = {
				BUNDLE_LOADER = "$(TEST_HOST)";
				CODE_SIGN_STYLE = Automatic;
				CURRENT_PROJECT_VERSION = 1;
				DEVELOPMENT_TEAM = Z2RTAGA7V9;
				GENERATE_INFOPLIST_FILE = YES;
				MACOSX_DEPLOYMENT_TARGET = 26.1;
				MARKETING_VERSION = 1.0;
				PRODUCT_BUNDLE_IDENTIFIER = es.amodrono.MadridTests;
				PRODUCT_NAME = "$(TARGET_NAME)";
				STRING_CATALOG_GENERATE_SYMBOLS = NO;
				SWIFT_APPROACHABLE_CONCURRENCY = YES;
				SWIFT_EMIT_LOC_STRINGS = NO;
				SWIFT_UPCOMING_FEATURE_MEMBER_IMPORT_VISIBILITY = YES;
				SWIFT_VERSION = 5.0;
				TEST_HOST = "$(BUILT_PRODUCTS_DIR)/Madrid.app/$(BUNDLE_EXECUTABLE_FOLDER_PATH)/Madrid";
			};
			name = Debug;
		};
		06D6C4EF2ED8ADF500311337 /* Release */ = {
			isa = XCBuildConfiguration;
			buildSettings = {
				BUNDLE_LOADER = "$(TEST_HOST)";
				CODE_SIGN_STYLE = Automatic;
				CURRENT_PROJECT_VERSION = 1;
				DEVELOPMENT_TEAM = Z2RTAGA7V9;
				GENERATE_INFOPLIST_FILE = YES;
				MACOSX_DEPLOYMENT_TARGET = 26.1;
				MARKETING_VERSION = 1.0;
				PRODUCT_BUNDLE_IDENTIFIER = es.amodrono.MadridTests;
				PRODUCT_NAME = "$(TARGET_NAME)";
				STRING_CATALOG_GENERATE_SYMBOLS = NO;
				SWIFT_APPROACHABLE_CONCURRENCY = YES;
				SWIFT_EMIT_LOC_STRINGS = NO;
				SWIFT_UPCOMING_FEATURE_MEMBER_IMPORT_VISIBILITY = YES;
				SWIFT_VERSION = 5.0;
				TEST_HOST = "$(BUILT_PRODUCTS_DIR)/Madrid.app/$(BUNDLE_EXECUTABLE_FOLDER_PATH)/Madrid";
			};
			name = Release;
		};
		06D6C4F12ED8ADF500311337 /* Debug */ = {
			isa = XCBuildConfiguration;
			buildSettings = {
				CODE_SIGN_STYLE = Automatic;
				CURRENT_PROJECT_VERSION = 1;
				DEVELOPMENT_TEAM = Z2RTAGA7V9;
				GENERATE_INFOPLIST_FILE = YES;
				MARKETING_VERSION = 1.0;
				PRODUCT_BUNDLE_IDENTIFIER = es.amodrono.MadridUITests;
				PRODUCT_NAME = "$(TARGET_NAME)";
				STRING_CATALOG_GENERATE_SYMBOLS = NO;
				SWIFT_APPROACHABLE_CONCURRENCY = YES;
				SWIFT_EMIT_LOC_STRINGS = NO;
				SWIFT_UPCOMING_FEATURE_MEMBER_IMPORT_VISIBILITY = YES;
				SWIFT_VERSION = 5.0;
				TEST_TARGET_NAME = Madrid;
			};
			name = Debug;
		};
		06D6C4F22ED8ADF500311337 /* Release */ = {
			isa = XCBuildConfiguration;
			buildSettings = {
				CODE_SIGN_STYLE = Automatic;
				CURRENT_PROJECT_VERSION = 1;
				DEVELOPMENT_TEAM = Z2RTAGA7V9;
				GENERATE_INFOPLIST_FILE = YES;
				MARKETING_VERSION = 1.0;
				PRODUCT_BUNDLE_IDENTIFIER = es.amodrono.MadridUITests;
				PRODUCT_NAME = "$(TARGET_NAME)";
				STRING_CATALOG_GENERATE_SYMBOLS = NO;
				SWIFT_APPROACHABLE_CONCURRENCY = YES;
				SWIFT_EMIT_LOC_STRINGS = NO;
				SWIFT_UPCOMING_FEATURE_MEMBER_IMPORT_VISIBILITY = YES;
				SWIFT_VERSION = 5.0;
				TEST_TARGET_NAME = Madrid;
			};
			name = Release;
		};
/* End XCBuildConfiguration section */

/* Begin XCConfigurationList section */
		06D6C4952ED8ADF400311337 /* Build configuration list for PBXProject "Madrid" */ = {
			isa = XCConfigurationList;
			buildConfigurations = (
				06D6C4E72ED8ADF500311337 /* Debug */,
				06D6C4E82ED8ADF500311337 /* Release */,
			);
			defaultConfigurationIsVisible = 0;
			defaultConfigurationName = Release;
		};
		06D6C4E42ED8ADF500311337 /* Build configuration list for PBXNativeTarget "Madrid Extension" */ = {
			isa = XCConfigurationList;
			buildConfigurations = (
				06D6C4E52ED8ADF500311337 /* Debug */,
				06D6C4E62ED8ADF500311337 /* Release */,
			);
			defaultConfigurationIsVisible = 0;
			defaultConfigurationName = Release;
		};
		06D6C4EA2ED8ADF500311337 /* Build configuration list for PBXNativeTarget "Madrid" */ = {
			isa = XCConfigurationList;
			buildConfigurations = (
				06D6C4EB2ED8ADF500311337 /* Debug */,
				06D6C4EC2ED8ADF500311337 /* Release */,
			);
			defaultConfigurationIsVisible = 0;
			defaultConfigurationName = Release;
		};
		06D6C4ED2ED8ADF500311337 /* Build configuration list for PBXNativeTarget "MadridTests" */ = {
			isa = XCConfigurationList;
			buildConfigurations = (
				06D6C4EE2ED8ADF500311337 /* Debug */,
				06D6C4EF2ED8ADF500311337 /* Release */,
			);
			defaultConfigurationIsVisible = 0;
			defaultConfigurationName = Release;
		};
		06D6C4F02ED8ADF500311337 /* Build configuration list for PBXNativeTarget "MadridUITests" */ = {
			isa = XCConfigurationList;
			buildConfigurations = (
				06D6C4F12ED8ADF500311337 /* Debug */,
				06D6C4F22ED8ADF500311337 /* Release */,
			);
			defaultConfigurationIsVisible = 0;
			defaultConfigurationName = Release;
		};
/* End XCConfigurationList section */
	};
	rootObject = 06D6C4922ED8ADF400311337 /* Project object */;
}
